
Microsoft Visual Studio Solution File, Format Version 12.00
# Visual Studio Version 16
VisualStudioVersion = 16.0.29111.141
MinimumVisualStudioVersion = 10.0.40219.1
Project("{FAE04EC0-301F-11D3-BF4B-00C04F79EFBC}") = "System.Private.CoreLib", "System.Private.CoreLib.csproj", "{BE95C560-B508-4588-8907-F9FC5BC1A0CF}"
EndProject
Project("{FAE04EC0-301F-11D3-BF4B-00C04F79EFBC}") = "System.Private.Reflection.Metadata", "..\..\System.Private.Reflection.Metadata\src\System.Private.Reflection.Metadata.csproj", "{5C061D59-0651-485C-B7D6-CC8D3EC4CB30}"
EndProject
Project("{FAE04EC0-301F-11D3-BF4B-00C04F79EFBC}") = "System.Private.StackTraceGenerator", "..\..\System.Private.StackTraceGenerator\src\System.Private.StackTraceGenerator.csproj", "{8B56B2E4-B2C4-4510-AA06-279B4DD8035F}"
EndProject
Project("{FAE04EC0-301F-11D3-BF4B-00C04F79EFBC}") = "System.Private.DeveloperExperience.Console", "..\..\System.Private.DeveloperExperience.Console\src\System.Private.DeveloperExperience.Console.csproj", "{81364D45-FE8A-4C8B-B2E4-F5392A495582}"
EndProject
Project("{FAE04EC0-301F-11D3-BF4B-00C04F79EFBC}") = "System.Private.StackTraceMetadata", "..\..\System.Private.StackTraceMetadata\src\System.Private.StackTraceMetadata.csproj", "{D8C592EA-0F75-4949-9174-B909232EE68C}"
EndProject
Project("{FAE04EC0-301F-11D3-BF4B-00C04F79EFBC}") = "System.Private.Reflection.Execution", "..\..\System.Private.Reflection.Execution\src\System.Private.Reflection.Execution.csproj", "{3DC80348-B22E-4BA6-AC3D-055CD4686313}"
EndProject
Project("{FAE04EC0-301F-11D3-BF4B-00C04F79EFBC}") = "System.Private.TypeLoader", "..\..\System.Private.TypeLoader\src\System.Private.TypeLoader.csproj", "{647619F1-5EC3-4CE0-8ABE-9DF617F44992}"
EndProject
Global
	GlobalSection(SharedMSBuildProjectFiles) = preSolution
		..\shared\System.Private.CoreLib.Shared.projitems*{be95c560-b508-4588-8907-f9fc5bc1a0cf}*SharedItemsImports = 4
	EndGlobalSection
	GlobalSection(SolutionConfigurationPlatforms) = preSolution
		Debug|Any CPU = Debug|Any CPU
		Debug|arm = Debug|arm
		Debug|arm64 = Debug|arm64
		Debug|armel = Debug|armel
		Debug|wasm = Debug|wasm
		Debug|x64 = Debug|x64
		Debug|x86 = Debug|x86
		Release|Any CPU = Release|Any CPU
		Release|arm = Release|arm
		Release|arm64 = Release|arm64
		Release|armel = Release|armel
		Release|wasm = Release|wasm
		Release|x64 = Release|x64
		Release|x86 = Release|x86
	EndGlobalSection
	GlobalSection(ProjectConfigurationPlatforms) = postSolution
		{BE95C560-B508-4588-8907-F9FC5BC1A0CF}.Debug|Any CPU.ActiveCfg = Debug|x86
		{BE95C560-B508-4588-8907-F9FC5BC1A0CF}.Debug|arm.ActiveCfg = Debug|arm
		{BE95C560-B508-4588-8907-F9FC5BC1A0CF}.Debug|arm.Build.0 = Debug|arm
		{BE95C560-B508-4588-8907-F9FC5BC1A0CF}.Debug|arm64.ActiveCfg = Debug|arm64
		{BE95C560-B508-4588-8907-F9FC5BC1A0CF}.Debug|arm64.Build.0 = Debug|arm64
		{BE95C560-B508-4588-8907-F9FC5BC1A0CF}.Debug|armel.ActiveCfg = Debug|armel
		{BE95C560-B508-4588-8907-F9FC5BC1A0CF}.Debug|armel.Build.0 = Debug|armel
		{BE95C560-B508-4588-8907-F9FC5BC1A0CF}.Debug|wasm.ActiveCfg = Debug|wasm
		{BE95C560-B508-4588-8907-F9FC5BC1A0CF}.Debug|wasm.Build.0 = Debug|wasm
		{BE95C560-B508-4588-8907-F9FC5BC1A0CF}.Debug|x64.ActiveCfg = Debug|x64
		{BE95C560-B508-4588-8907-F9FC5BC1A0CF}.Debug|x64.Build.0 = Debug|x64
		{BE95C560-B508-4588-8907-F9FC5BC1A0CF}.Debug|x86.ActiveCfg = Debug|x86
		{BE95C560-B508-4588-8907-F9FC5BC1A0CF}.Debug|x86.Build.0 = Debug|x86
		{BE95C560-B508-4588-8907-F9FC5BC1A0CF}.Release|Any CPU.ActiveCfg = Release|x86
		{BE95C560-B508-4588-8907-F9FC5BC1A0CF}.Release|arm.ActiveCfg = Release|arm
		{BE95C560-B508-4588-8907-F9FC5BC1A0CF}.Release|arm.Build.0 = Release|arm
		{BE95C560-B508-4588-8907-F9FC5BC1A0CF}.Release|arm64.ActiveCfg = Release|arm64
		{BE95C560-B508-4588-8907-F9FC5BC1A0CF}.Release|arm64.Build.0 = Release|arm64
		{BE95C560-B508-4588-8907-F9FC5BC1A0CF}.Release|armel.ActiveCfg = Release|armel
		{BE95C560-B508-4588-8907-F9FC5BC1A0CF}.Release|armel.Build.0 = Release|armel
		{BE95C560-B508-4588-8907-F9FC5BC1A0CF}.Release|wasm.ActiveCfg = Release|wasm
		{BE95C560-B508-4588-8907-F9FC5BC1A0CF}.Release|wasm.Build.0 = Release|wasm
		{BE95C560-B508-4588-8907-F9FC5BC1A0CF}.Release|x64.ActiveCfg = Release|x64
		{BE95C560-B508-4588-8907-F9FC5BC1A0CF}.Release|x64.Build.0 = Release|x64
		{BE95C560-B508-4588-8907-F9FC5BC1A0CF}.Release|x86.ActiveCfg = Release|x86
		{BE95C560-B508-4588-8907-F9FC5BC1A0CF}.Release|x86.Build.0 = Release|x86
		{5C061D59-0651-485C-B7D6-CC8D3EC4CB30}.Debug|Any CPU.ActiveCfg = Debug|Any CPU
		{5C061D59-0651-485C-B7D6-CC8D3EC4CB30}.Debug|Any CPU.Build.0 = Debug|Any CPU
		{5C061D59-0651-485C-B7D6-CC8D3EC4CB30}.Debug|arm.ActiveCfg = Debug|Any CPU
		{5C061D59-0651-485C-B7D6-CC8D3EC4CB30}.Debug|arm.Build.0 = Debug|Any CPU
		{5C061D59-0651-485C-B7D6-CC8D3EC4CB30}.Debug|arm64.ActiveCfg = Debug|Any CPU
		{5C061D59-0651-485C-B7D6-CC8D3EC4CB30}.Debug|arm64.Build.0 = Debug|Any CPU
		{5C061D59-0651-485C-B7D6-CC8D3EC4CB30}.Debug|armel.ActiveCfg = Debug|Any CPU
		{5C061D59-0651-485C-B7D6-CC8D3EC4CB30}.Debug|armel.Build.0 = Debug|Any CPU
		{5C061D59-0651-485C-B7D6-CC8D3EC4CB30}.Debug|wasm.ActiveCfg = Debug|Any CPU
		{5C061D59-0651-485C-B7D6-CC8D3EC4CB30}.Debug|wasm.Build.0 = Debug|Any CPU
		{5C061D59-0651-485C-B7D6-CC8D3EC4CB30}.Debug|x64.ActiveCfg = Debug|Any CPU
		{5C061D59-0651-485C-B7D6-CC8D3EC4CB30}.Debug|x64.Build.0 = Debug|Any CPU
		{5C061D59-0651-485C-B7D6-CC8D3EC4CB30}.Debug|x86.ActiveCfg = Debug|Any CPU
		{5C061D59-0651-485C-B7D6-CC8D3EC4CB30}.Debug|x86.Build.0 = Debug|Any CPU
		{5C061D59-0651-485C-B7D6-CC8D3EC4CB30}.Release|Any CPU.ActiveCfg = Debug|Any CPU
		{5C061D59-0651-485C-B7D6-CC8D3EC4CB30}.Release|Any CPU.Build.0 = Debug|Any CPU
		{5C061D59-0651-485C-B7D6-CC8D3EC4CB30}.Release|arm.ActiveCfg = Debug|Any CPU
		{5C061D59-0651-485C-B7D6-CC8D3EC4CB30}.Release|arm.Build.0 = Debug|Any CPU
		{5C061D59-0651-485C-B7D6-CC8D3EC4CB30}.Release|arm64.ActiveCfg = Debug|Any CPU
		{5C061D59-0651-485C-B7D6-CC8D3EC4CB30}.Release|arm64.Build.0 = Debug|Any CPU
		{5C061D59-0651-485C-B7D6-CC8D3EC4CB30}.Release|armel.ActiveCfg = Debug|Any CPU
		{5C061D59-0651-485C-B7D6-CC8D3EC4CB30}.Release|armel.Build.0 = Debug|Any CPU
		{5C061D59-0651-485C-B7D6-CC8D3EC4CB30}.Release|wasm.ActiveCfg = Debug|Any CPU
		{5C061D59-0651-485C-B7D6-CC8D3EC4CB30}.Release|wasm.Build.0 = Debug|Any CPU
		{5C061D59-0651-485C-B7D6-CC8D3EC4CB30}.Release|x64.ActiveCfg = Debug|Any CPU
		{5C061D59-0651-485C-B7D6-CC8D3EC4CB30}.Release|x64.Build.0 = Debug|Any CPU
		{5C061D59-0651-485C-B7D6-CC8D3EC4CB30}.Release|x86.ActiveCfg = Debug|Any CPU
		{5C061D59-0651-485C-B7D6-CC8D3EC4CB30}.Release|x86.Build.0 = Debug|Any CPU
		{8B56B2E4-B2C4-4510-AA06-279B4DD8035F}.Debug|Any CPU.ActiveCfg = Debug|Any CPU
		{8B56B2E4-B2C4-4510-AA06-279B4DD8035F}.Debug|Any CPU.Build.0 = Debug|Any CPU
		{8B56B2E4-B2C4-4510-AA06-279B4DD8035F}.Debug|arm.ActiveCfg = Debug|Any CPU
		{8B56B2E4-B2C4-4510-AA06-279B4DD8035F}.Debug|arm.Build.0 = Debug|Any CPU
		{8B56B2E4-B2C4-4510-AA06-279B4DD8035F}.Debug|arm64.ActiveCfg = Debug|Any CPU
		{8B56B2E4-B2C4-4510-AA06-279B4DD8035F}.Debug|arm64.Build.0 = Debug|Any CPU
		{8B56B2E4-B2C4-4510-AA06-279B4DD8035F}.Debug|armel.ActiveCfg = Debug|Any CPU
		{8B56B2E4-B2C4-4510-AA06-279B4DD8035F}.Debug|armel.Build.0 = Debug|Any CPU
		{8B56B2E4-B2C4-4510-AA06-279B4DD8035F}.Debug|wasm.ActiveCfg = Debug|Any CPU
		{8B56B2E4-B2C4-4510-AA06-279B4DD8035F}.Debug|wasm.Build.0 = Debug|Any CPU
		{8B56B2E4-B2C4-4510-AA06-279B4DD8035F}.Debug|x64.ActiveCfg = Debug|Any CPU
		{8B56B2E4-B2C4-4510-AA06-279B4DD8035F}.Debug|x64.Build.0 = Debug|Any CPU
		{8B56B2E4-B2C4-4510-AA06-279B4DD8035F}.Debug|x86.ActiveCfg = Debug|Any CPU
		{8B56B2E4-B2C4-4510-AA06-279B4DD8035F}.Debug|x86.Build.0 = Debug|Any CPU
		{8B56B2E4-B2C4-4510-AA06-279B4DD8035F}.Release|Any CPU.ActiveCfg = Debug|Any CPU
		{8B56B2E4-B2C4-4510-AA06-279B4DD8035F}.Release|Any CPU.Build.0 = Debug|Any CPU
		{8B56B2E4-B2C4-4510-AA06-279B4DD8035F}.Release|arm.ActiveCfg = Debug|Any CPU
		{8B56B2E4-B2C4-4510-AA06-279B4DD8035F}.Release|arm.Build.0 = Debug|Any CPU
		{8B56B2E4-B2C4-4510-AA06-279B4DD8035F}.Release|arm64.ActiveCfg = Debug|Any CPU
		{8B56B2E4-B2C4-4510-AA06-279B4DD8035F}.Release|arm64.Build.0 = Debug|Any CPU
		{8B56B2E4-B2C4-4510-AA06-279B4DD8035F}.Release|armel.ActiveCfg = Debug|Any CPU
		{8B56B2E4-B2C4-4510-AA06-279B4DD8035F}.Release|armel.Build.0 = Debug|Any CPU
		{8B56B2E4-B2C4-4510-AA06-279B4DD8035F}.Release|wasm.ActiveCfg = Debug|Any CPU
		{8B56B2E4-B2C4-4510-AA06-279B4DD8035F}.Release|wasm.Build.0 = Debug|Any CPU
		{8B56B2E4-B2C4-4510-AA06-279B4DD8035F}.Release|x64.ActiveCfg = Debug|Any CPU
		{8B56B2E4-B2C4-4510-AA06-279B4DD8035F}.Release|x64.Build.0 = Debug|Any CPU
		{8B56B2E4-B2C4-4510-AA06-279B4DD8035F}.Release|x86.ActiveCfg = Debug|Any CPU
		{8B56B2E4-B2C4-4510-AA06-279B4DD8035F}.Release|x86.Build.0 = Debug|Any CPU
		{81364D45-FE8A-4C8B-B2E4-F5392A495582}.Debug|Any CPU.ActiveCfg = Debug|Any CPU
		{81364D45-FE8A-4C8B-B2E4-F5392A495582}.Debug|Any CPU.Build.0 = Debug|Any CPU
		{81364D45-FE8A-4C8B-B2E4-F5392A495582}.Debug|arm.ActiveCfg = Debug|Any CPU
		{81364D45-FE8A-4C8B-B2E4-F5392A495582}.Debug|arm.Build.0 = Debug|Any CPU
		{81364D45-FE8A-4C8B-B2E4-F5392A495582}.Debug|arm64.ActiveCfg = Debug|Any CPU
		{81364D45-FE8A-4C8B-B2E4-F5392A495582}.Debug|arm64.Build.0 = Debug|Any CPU
		{81364D45-FE8A-4C8B-B2E4-F5392A495582}.Debug|armel.ActiveCfg = Debug|Any CPU
		{81364D45-FE8A-4C8B-B2E4-F5392A495582}.Debug|armel.Build.0 = Debug|Any CPU
		{81364D45-FE8A-4C8B-B2E4-F5392A495582}.Debug|wasm.ActiveCfg = Debug|Any CPU
		{81364D45-FE8A-4C8B-B2E4-F5392A495582}.Debug|wasm.Build.0 = Debug|Any CPU
		{81364D45-FE8A-4C8B-B2E4-F5392A495582}.Debug|x64.ActiveCfg = Debug|Any CPU
		{81364D45-FE8A-4C8B-B2E4-F5392A495582}.Debug|x64.Build.0 = Debug|Any CPU
		{81364D45-FE8A-4C8B-B2E4-F5392A495582}.Debug|x86.ActiveCfg = Debug|Any CPU
		{81364D45-FE8A-4C8B-B2E4-F5392A495582}.Debug|x86.Build.0 = Debug|Any CPU
		{81364D45-FE8A-4C8B-B2E4-F5392A495582}.Release|Any CPU.ActiveCfg = Debug|Any CPU
		{81364D45-FE8A-4C8B-B2E4-F5392A495582}.Release|Any CPU.Build.0 = Debug|Any CPU
		{81364D45-FE8A-4C8B-B2E4-F5392A495582}.Release|arm.ActiveCfg = Debug|Any CPU
		{81364D45-FE8A-4C8B-B2E4-F5392A495582}.Release|arm.Build.0 = Debug|Any CPU
		{81364D45-FE8A-4C8B-B2E4-F5392A495582}.Release|arm64.ActiveCfg = Debug|Any CPU
		{81364D45-FE8A-4C8B-B2E4-F5392A495582}.Release|arm64.Build.0 = Debug|Any CPU
		{81364D45-FE8A-4C8B-B2E4-F5392A495582}.Release|armel.ActiveCfg = Debug|Any CPU
		{81364D45-FE8A-4C8B-B2E4-F5392A495582}.Release|armel.Build.0 = Debug|Any CPU
		{81364D45-FE8A-4C8B-B2E4-F5392A495582}.Release|wasm.ActiveCfg = Debug|Any CPU
		{81364D45-FE8A-4C8B-B2E4-F5392A495582}.Release|wasm.Build.0 = Debug|Any CPU
		{81364D45-FE8A-4C8B-B2E4-F5392A495582}.Release|x64.ActiveCfg = Debug|Any CPU
		{81364D45-FE8A-4C8B-B2E4-F5392A495582}.Release|x64.Build.0 = Debug|Any CPU
		{81364D45-FE8A-4C8B-B2E4-F5392A495582}.Release|x86.ActiveCfg = Debug|Any CPU
		{81364D45-FE8A-4C8B-B2E4-F5392A495582}.Release|x86.Build.0 = Debug|Any CPU
		{D8C592EA-0F75-4949-9174-B909232EE68C}.Debug|Any CPU.ActiveCfg = Debug|Any CPU
		{D8C592EA-0F75-4949-9174-B909232EE68C}.Debug|Any CPU.Build.0 = Debug|Any CPU
		{D8C592EA-0F75-4949-9174-B909232EE68C}.Debug|arm.ActiveCfg = Debug|Any CPU
		{D8C592EA-0F75-4949-9174-B909232EE68C}.Debug|arm.Build.0 = Debug|Any CPU
		{D8C592EA-0F75-4949-9174-B909232EE68C}.Debug|arm64.ActiveCfg = Debug|Any CPU
		{D8C592EA-0F75-4949-9174-B909232EE68C}.Debug|arm64.Build.0 = Debug|Any CPU
		{D8C592EA-0F75-4949-9174-B909232EE68C}.Debug|armel.ActiveCfg = Debug|Any CPU
		{D8C592EA-0F75-4949-9174-B909232EE68C}.Debug|armel.Build.0 = Debug|Any CPU
		{D8C592EA-0F75-4949-9174-B909232EE68C}.Debug|wasm.ActiveCfg = Debug|Any CPU
		{D8C592EA-0F75-4949-9174-B909232EE68C}.Debug|wasm.Build.0 = Debug|Any CPU
		{D8C592EA-0F75-4949-9174-B909232EE68C}.Debug|x64.ActiveCfg = Debug|Any CPU
		{D8C592EA-0F75-4949-9174-B909232EE68C}.Debug|x64.Build.0 = Debug|Any CPU
		{D8C592EA-0F75-4949-9174-B909232EE68C}.Debug|x86.ActiveCfg = Debug|Any CPU
		{D8C592EA-0F75-4949-9174-B909232EE68C}.Debug|x86.Build.0 = Debug|Any CPU
		{D8C592EA-0F75-4949-9174-B909232EE68C}.Release|Any CPU.ActiveCfg = Debug|Any CPU
		{D8C592EA-0F75-4949-9174-B909232EE68C}.Release|Any CPU.Build.0 = Debug|Any CPU
		{D8C592EA-0F75-4949-9174-B909232EE68C}.Release|arm.ActiveCfg = Debug|Any CPU
		{D8C592EA-0F75-4949-9174-B909232EE68C}.Release|arm.Build.0 = Debug|Any CPU
		{D8C592EA-0F75-4949-9174-B909232EE68C}.Release|arm64.ActiveCfg = Debug|Any CPU
		{D8C592EA-0F75-4949-9174-B909232EE68C}.Release|arm64.Build.0 = Debug|Any CPU
		{D8C592EA-0F75-4949-9174-B909232EE68C}.Release|armel.ActiveCfg = Debug|Any CPU
		{D8C592EA-0F75-4949-9174-B909232EE68C}.Release|armel.Build.0 = Debug|Any CPU
		{D8C592EA-0F75-4949-9174-B909232EE68C}.Release|wasm.ActiveCfg = Debug|Any CPU
		{D8C592EA-0F75-4949-9174-B909232EE68C}.Release|wasm.Build.0 = Debug|Any CPU
		{D8C592EA-0F75-4949-9174-B909232EE68C}.Release|x64.ActiveCfg = Debug|Any CPU
		{D8C592EA-0F75-4949-9174-B909232EE68C}.Release|x64.Build.0 = Debug|Any CPU
		{D8C592EA-0F75-4949-9174-B909232EE68C}.Release|x86.ActiveCfg = Debug|Any CPU
		{D8C592EA-0F75-4949-9174-B909232EE68C}.Release|x86.Build.0 = Debug|Any CPU
		{3DC80348-B22E-4BA6-AC3D-055CD4686313}.Debug|Any CPU.ActiveCfg = Debug|Any CPU
		{3DC80348-B22E-4BA6-AC3D-055CD4686313}.Debug|Any CPU.Build.0 = Debug|Any CPU
		{3DC80348-B22E-4BA6-AC3D-055CD4686313}.Debug|arm.ActiveCfg = Debug|Any CPU
		{3DC80348-B22E-4BA6-AC3D-055CD4686313}.Debug|arm.Build.0 = Debug|Any CPU
		{3DC80348-B22E-4BA6-AC3D-055CD4686313}.Debug|arm64.ActiveCfg = Debug|Any CPU
		{3DC80348-B22E-4BA6-AC3D-055CD4686313}.Debug|arm64.Build.0 = Debug|Any CPU
		{3DC80348-B22E-4BA6-AC3D-055CD4686313}.Debug|armel.ActiveCfg = Debug|Any CPU
		{3DC80348-B22E-4BA6-AC3D-055CD4686313}.Debug|armel.Build.0 = Debug|Any CPU
		{3DC80348-B22E-4BA6-AC3D-055CD4686313}.Debug|wasm.ActiveCfg = Debug|Any CPU
		{3DC80348-B22E-4BA6-AC3D-055CD4686313}.Debug|wasm.Build.0 = Debug|Any CPU
		{3DC80348-B22E-4BA6-AC3D-055CD4686313}.Debug|x64.ActiveCfg = Debug|Any CPU
		{3DC80348-B22E-4BA6-AC3D-055CD4686313}.Debug|x64.Build.0 = Debug|Any CPU
		{3DC80348-B22E-4BA6-AC3D-055CD4686313}.Debug|x86.ActiveCfg = Debug|Any CPU
		{3DC80348-B22E-4BA6-AC3D-055CD4686313}.Debug|x86.Build.0 = Debug|Any CPU
		{3DC80348-B22E-4BA6-AC3D-055CD4686313}.Release|Any CPU.ActiveCfg = Debug|Any CPU
		{3DC80348-B22E-4BA6-AC3D-055CD4686313}.Release|Any CPU.Build.0 = Debug|Any CPU
		{3DC80348-B22E-4BA6-AC3D-055CD4686313}.Release|arm.ActiveCfg = Debug|Any CPU
		{3DC80348-B22E-4BA6-AC3D-055CD4686313}.Release|arm.Build.0 = Debug|Any CPU
		{3DC80348-B22E-4BA6-AC3D-055CD4686313}.Release|arm64.ActiveCfg = Debug|Any CPU
		{3DC80348-B22E-4BA6-AC3D-055CD4686313}.Release|arm64.Build.0 = Debug|Any CPU
		{3DC80348-B22E-4BA6-AC3D-055CD4686313}.Release|armel.ActiveCfg = Debug|Any CPU
		{3DC80348-B22E-4BA6-AC3D-055CD4686313}.Release|armel.Build.0 = Debug|Any CPU
		{3DC80348-B22E-4BA6-AC3D-055CD4686313}.Release|wasm.ActiveCfg = Debug|Any CPU
		{3DC80348-B22E-4BA6-AC3D-055CD4686313}.Release|wasm.Build.0 = Debug|Any CPU
		{3DC80348-B22E-4BA6-AC3D-055CD4686313}.Release|x64.ActiveCfg = Debug|Any CPU
		{3DC80348-B22E-4BA6-AC3D-055CD4686313}.Release|x64.Build.0 = Debug|Any CPU
		{3DC80348-B22E-4BA6-AC3D-055CD4686313}.Release|x86.ActiveCfg = Debug|Any CPU
		{3DC80348-B22E-4BA6-AC3D-055CD4686313}.Release|x86.Build.0 = Debug|Any CPU
		{647619F1-5EC3-4CE0-8ABE-9DF617F44992}.Debug|Any CPU.ActiveCfg = Debug|x86
		{647619F1-5EC3-4CE0-8ABE-9DF617F44992}.Debug|arm.ActiveCfg = Debug|arm
		{647619F1-5EC3-4CE0-8ABE-9DF617F44992}.Debug|arm.Build.0 = Debug|arm
		{647619F1-5EC3-4CE0-8ABE-9DF617F44992}.Debug|arm64.ActiveCfg = Debug|arm64
		{647619F1-5EC3-4CE0-8ABE-9DF617F44992}.Debug|arm64.Build.0 = Debug|arm64
		{647619F1-5EC3-4CE0-8ABE-9DF617F44992}.Debug|armel.ActiveCfg = Debug|armel
		{647619F1-5EC3-4CE0-8ABE-9DF617F44992}.Debug|armel.Build.0 = Debug|armel
		{647619F1-5EC3-4CE0-8ABE-9DF617F44992}.Debug|wasm.ActiveCfg = Debug|wasm
		{647619F1-5EC3-4CE0-8ABE-9DF617F44992}.Debug|wasm.Build.0 = Debug|wasm
		{647619F1-5EC3-4CE0-8ABE-9DF617F44992}.Debug|x64.ActiveCfg = Debug|x64
		{647619F1-5EC3-4CE0-8ABE-9DF617F44992}.Debug|x64.Build.0 = Debug|x64
		{647619F1-5EC3-4CE0-8ABE-9DF617F44992}.Debug|x86.ActiveCfg = Debug|x86
		{647619F1-5EC3-4CE0-8ABE-9DF617F44992}.Debug|x86.Build.0 = Debug|x86
		{647619F1-5EC3-4CE0-8ABE-9DF617F44992}.Release|Any CPU.ActiveCfg = Release|x86
		{647619F1-5EC3-4CE0-8ABE-9DF617F44992}.Release|arm.ActiveCfg = Release|arm
		{647619F1-5EC3-4CE0-8ABE-9DF617F44992}.Release|arm.Build.0 = Release|arm
		{647619F1-5EC3-4CE0-8ABE-9DF617F44992}.Release|arm64.ActiveCfg = Release|arm64
		{647619F1-5EC3-4CE0-8ABE-9DF617F44992}.Release|arm64.Build.0 = Release|arm64
		{647619F1-5EC3-4CE0-8ABE-9DF617F44992}.Release|armel.ActiveCfg = Release|armel
		{647619F1-5EC3-4CE0-8ABE-9DF617F44992}.Release|armel.Build.0 = Release|armel
		{647619F1-5EC3-4CE0-8ABE-9DF617F44992}.Release|wasm.ActiveCfg = Release|wasm
		{647619F1-5EC3-4CE0-8ABE-9DF617F44992}.Release|wasm.Build.0 = Release|wasm
		{647619F1-5EC3-4CE0-8ABE-9DF617F44992}.Release|x64.ActiveCfg = Release|x64
		{647619F1-5EC3-4CE0-8ABE-9DF617F44992}.Release|x64.Build.0 = Release|x64
		{647619F1-5EC3-4CE0-8ABE-9DF617F44992}.Release|x86.ActiveCfg = Release|x86
		{647619F1-5EC3-4CE0-8ABE-9DF617F44992}.Release|x86.Build.0 = Release|x86
	EndGlobalSection
	GlobalSection(SolutionProperties) = preSolution
		HideSolutionNode = FALSE
	EndGlobalSection
	GlobalSection(ExtensibilityGlobals) = postSolution
		SolutionGuid = {FFF728A1-6A01-4D73-9FB2-E8DC24CC692B}
	EndGlobalSection
EndGlobal
